
Microsoft Visual Studio Solution File, Format Version 12.00
# Visual Studio Version 17
VisualStudioVersion = 17.9.34728.123
MinimumVisualStudioVersion = 10.0.40219.1
Project("{9A19103F-16F7-4668-BE54-9A1E7A4F7556}") = "LogisticService", "LogisticService\LogisticService.csproj", "{FD9632EC-0291-40EF-9DBB-8618990BEA84}"
EndProject
Global
	GlobalSection(SolutionConfigurationPlatforms) = preSolution
		Debug|Any CPU = Debug|Any CPU
		Release|Any CPU = Release|Any CPU
	EndGlobalSection
	GlobalSection(ProjectConfigurationPlatforms) = postSolution
		{FD9632EC-0291-40EF-9DBB-8618990BEA84}.Debug|Any CPU.ActiveCfg = Debug|Any CPU
		{FD9632EC-0291-40EF-9DBB-8618990BEA84}.Debug|Any CPU.Build.0 = Debug|Any CPU
		{FD9632EC-0291-40EF-9DBB-8618990BEA84}.Release|Any CPU.ActiveCfg = Release|Any CPU
		{FD9632EC-0291-40EF-9DBB-8618990BEA84}.Release|Any CPU.Build.0 = Release|Any CPU
	EndGlobalSection
	GlobalSection(SolutionProperties) = preSolution
		HideSolutionNode = FALSE
	EndGlobalSection
	GlobalSection(ExtensibilityGlobals) = postSolution
		SolutionGuid = {3C47B0B1-1F0D-4AF5-A512-1A45A09E4748}
	EndGlobalSection
EndGlobal
